// !$*UTF8*$!
{
	archiveVersion = 1;
	classes = {
	};
	objectVersion = 48;
	objects = {

/* Begin PBXBuildFile section */
		87A4CF0220DC9668009EC67A /* AppDelegate.swift in Sources */ = {isa = PBXBuildFile; fileRef = 87A4CF0120DC9668009EC67A /* AppDelegate.swift */; };
		87A4CF0420DC9668009EC67A /* DetailViewController.swift in Sources */ = {isa = PBXBuildFile; fileRef = 87A4CF0320DC9668009EC67A /* DetailViewController.swift */; };
		87A4CF0720DC9668009EC67A /* Main.storyboard in Resources */ = {isa = PBXBuildFile; fileRef = 87A4CF0520DC9668009EC67A /* Main.storyboard */; };
		87A4CF0920DC9668009EC67A /* Assets.xcassets in Resources */ = {isa = PBXBuildFile; fileRef = 87A4CF0820DC9668009EC67A /* Assets.xcassets */; };
		87A4CF0C20DC9668009EC67A /* LaunchScreen.storyboard in Resources */ = {isa = PBXBuildFile; fileRef = 87A4CF0A20DC9668009EC67A /* LaunchScreen.storyboard */; };
		87A4CF1420DC968B009EC67A /* TableViewController.swift in Sources */ = {isa = PBXBuildFile; fileRef = 87A4CF1320DC968B009EC67A /* TableViewController.swift */; };
/* End PBXBuildFile section */

/* Begin PBXFileReference section */
		87A4CEFE20DC9668009EC67A /* TableView-Test2.app */ = {isa = PBXFileReference; explicitFileType = wrapper.application; includeInIndex = 0; path = "TableView-Test2.app"; sourceTree = BUILT_PRODUCTS_DIR; };
		87A4CF0120DC9668009EC67A /* AppDelegate.swift */ = {isa = PBXFileReference; lastKnownFileType = sourcecode.swift; path = AppDelegate.swift; sourceTree = "<group>"; };
		87A4CF0320DC9668009EC67A /* DetailViewController.swift */ = {isa = PBXFileReference; lastKnownFileType = sourcecode.swift; path = DetailViewController.swift; sourceTree = "<group>"; };
		87A4CF0620DC9668009EC67A /* Base */ = {isa = PBXFileReference; lastKnownFileType = file.storyboard; name = Base; path = Base.lproj/Main.storyboard; sourceTree = "<group>"; };
		87A4CF0820DC9668009EC67A /* Assets.xcassets */ = {isa = PBXFileReference; lastKnownFileType = folder.assetcatalog; path = Assets.xcassets; sourceTree = "<group>"; };
		87A4CF0B20DC9668009EC67A /* Base */ = {isa = PBXFileReference; lastKnownFileType = file.storyboard; name = Base; path = Base.lproj/LaunchScreen.storyboard; sourceTree = "<group>"; };
		87A4CF0D20DC9668009EC67A /* Info.plist */ = {isa = PBXFileReference; lastKnownFileType = text.plist.xml; path = Info.plist; sourceTree = "<group>"; };
		87A4CF1320DC968B009EC67A /* TableViewController.swift */ = {isa = PBXFileReference; lastKnownFileType = sourcecode.swift; path = TableViewController.swift; sourceTree = "<group>"; };
/* End PBXFileReference section */

/* Begin PBXFrameworksBuildPhase section */
		87A4CEFB20DC9668009EC67A /* Frameworks */ = {
			isa = PBXFrameworksBuildPhase;
			buildActionMask = 2147483647;
			files = (
			);
			runOnlyForDeploymentPostprocessing = 0;
		};
/* End PBXFrameworksBuildPhase section */

/* Begin PBXGroup section */
		87A4CEF520DC9668009EC67A = {
			isa = PBXGroup;
			children = (
				87A4CF0020DC9668009EC67A /* TableView-Test2 */,
				87A4CEFF20DC9668009EC67A /* Products */,
			);
			sourceTree = "<group>";
		};
		87A4CEFF20DC9668009EC67A /* Products */ = {
			isa = PBXGroup;
			children = (
				87A4CEFE20DC9668009EC67A /* TableView-Test2.app */,
			);
			name = Products;
			sourceTree = "<group>";
		};
		87A4CF0020DC9668009EC67A /* TableView-Test2 */ = {
			isa = PBXGroup;
			children = (
				87A4CF0120DC9668009EC67A /* AppDelegate.swift */,
				87A4CF0320DC9668009EC67A /* DetailViewController.swift */,
				87A4CF1320DC968B009EC67A /* TableViewController.swift */,
				87A4CF0520DC9668009EC67A /* Main.storyboard */,
				87A4CF0820DC9668009EC67A /* Assets.xcassets */,
				87A4CF0A20DC9668009EC67A /* LaunchScreen.storyboard */,
				87A4CF0D20DC9668009EC67A /* Info.plist */,
			);
			path = "TableView-Test2";
			sourceTree = "<group>";
		};
/* End PBXGroup section */

/* Begin PBXNativeTarget section */
		87A4CEFD20DC9668009EC67A /* TableView-Test2 */ = {
			isa = PBXNativeTarget;
			buildConfigurationList = 87A4CF1020DC9668009EC67A /* Build configuration list for PBXNativeTarget "TableView-Test2" */;
			buildPhases = (
				87A4CEFA20DC9668009EC67A /* Sources */,
				87A4CEFB20DC9668009EC67A /* Frameworks */,
				87A4CEFC20DC9668009EC67A /* Resources */,
			);
			buildRules = (
			);
			dependencies = (
			);
			name = "TableView-Test2";
			productName = "TableView-Test2";
			productReference = 87A4CEFE20DC9668009EC67A /* TableView-Test2.app */;
			productType = "com.apple.product-type.application";
		};
/* End PBXNativeTarget section */

/* Begin PBXProject section */
		87A4CEF620DC9668009EC67A /* Project object */ = {
			isa = PBXProject;
			attributes = {
				LastSwiftUpdateCheck = 0920;
				LastUpgradeCheck = 0920;
				ORGANIZATIONNAME = TrungCatun;
				TargetAttributes = {
					87A4CEFD20DC9668009EC67A = {
						CreatedOnToolsVersion = 9.2;
						ProvisioningStyle = Automatic;
					};
				};
			};
			buildConfigurationList = 87A4CEF920DC9668009EC67A /* Build configuration list for PBXProject "TableView-Test2" */;
			compatibilityVersion = "Xcode 8.0";
			developmentRegion = en;
			hasScannedForEncodings = 0;
			knownRegions = (
				en,
				Base,
			);
			mainGroup = 87A4CEF520DC9668009EC67A;
			productRefGroup = 87A4CEFF20DC9668009EC67A /* Products */;
			projectDirPath = "";
			projectRoot = "";
			targets = (
				87A4CEFD20DC9668009EC67A /* TableView-Test2 */,
			);
		};
/* End PBXProject section */

/* Begin PBXResourcesBuildPhase section */
		87A4CEFC20DC9668009EC67A /* Resources */ = {
			isa = PBXResourcesBuildPhase;
			buildActionMask = 2147483647;
			files = (
				87A4CF0C20DC9668009EC67A /* LaunchScreen.storyboard in Resources */,
				87A4CF0920DC9668009EC67A /* Assets.xcassets in Resources */,
				87A4CF0720DC9668009EC67A /* Main.storyboard in Resources */,
			);
			runOnlyForDeploymentPostprocessing = 0;
		};
/* End PBXResourcesBuildPhase section */

/* Begin PBXSourcesBuildPhase section */
		87A4CEFA20DC9668009EC67A /* Sources */ = {
			isa = PBXSourcesBuildPhase;
			buildActionMask = 2147483647;
			files = (
				87A4CF0420DC9668009EC67A /* DetailViewController.swift in Sources */,
				87A4CF1420DC968B009EC67A /* TableViewController.swift in Sources */,
				87A4CF0220DC9668009EC67A /* AppDelegate.swift in Sources */,
			);
			runOnlyForDeploymentPostprocessing = 0;
		};
/* End PBXSourcesBuildPhase section */

/* Begin PBXVariantGroup section */
		87A4CF0520DC9668009EC67A /* Main.storyboard */ = {
			isa = PBXVariantGroup;
			children = (
				87A4CF0620DC9668009EC67A /* Base */,
			);
			name = Main.storyboard;
			sourceTree = "<group>";
		};
		87A4CF0A20DC9668009EC67A /* LaunchScreen.storyboard */ = {
			isa = PBXVariantGroup;
			children = (
				87A4CF0B20DC9668009EC67A /* Base */,
			);
			name = LaunchScreen.storyboard;
			sourceTree = "<group>";
		};
/* End PBXVariantGroup section */

/* Begin XCBuildConfiguration section */
		87A4CF0E20DC9668009EC67A /* Debug */ = {
			isa = XCBuildConfiguration;
			buildSettings = {
				ALWAYS_SEARCH_USER_PATHS = NO;
				CLANG_ANALYZER_NONNULL = YES;
				CLANG_ANALYZER_NUMBER_OBJECT_CONVERSION = YES_AGGRESSIVE;
				CLANG_CXX_LANGUAGE_STANDARD = "gnu++14";
				CLANG_CXX_LIBRARY = "libc++";
				CLANG_ENABLE_MODULES = YES;
				CLANG_ENABLE_OBJC_ARC = YES;
				CLANG_WARN_BLOCK_CAPTURE_AUTORELEASING = YES;
				CLANG_WARN_BOOL_CONVERSION = YES;
				CLANG_WARN_COMMA = YES;
				CLANG_WARN_CONSTANT_CONVERSION = YES;
				CLANG_WARN_DIRECT_OBJC_ISA_USAGE = YES_ERROR;
				CLANG_WARN_DOCUMENTATION_COMMENTS = YES;
				CLANG_WARN_EMPTY_BODY = YES;
				CLANG_WARN_ENUM_CONVERSION = YES;
				CLANG_WARN_INFINITE_RECURSION = YES;
				CLANG_WARN_INT_CONVERSION = YES;
				CLANG_WARN_NON_LITERAL_NULL_CONVERSION = YES;
				CLANG_WARN_OBJC_LITERAL_CONVERSION = YES;
				CLANG_WARN_OBJC_ROOT_CLASS = YES_ERROR;
				CLANG_WARN_RANGE_LOOP_ANALYSIS = YES;
				CLANG_WARN_STRICT_PROTOTYPES = YES;
				CLANG_WARN_SUSPICIOUS_MOVE = YES;
				CLANG_WARN_UNGUARDED_AVAILABILITY = YES_AGGRESSIVE;
				CLANG_WARN_UNREACHABLE_CODE = YES;
				CLANG_WARN__DUPLICATE_METHOD_MATCH = YES;
				CODE_SIGN_IDENTITY = "iPhone Developer";
				COPY_PHASE_STRIP = NO;
				DEBUG_INFORMATION_FORMAT = dwarf;
				ENABLE_STRICT_OBJC_MSGSEND = YES;
				ENABLE_TESTABILITY = YES;
				GCC_C_LANGUAGE_STANDARD = gnu11;
				GCC_DYNAMIC_NO_PIC = NO;
				GCC_NO_COMMON_BLOCKS = YES;
				GCC_OPTIMIZATION_LEVEL = 0;
				GCC_PREPROCESSOR_DEFINITIONS = (
					"DEBUG=1",
					"$(inherited)",
				);
				GCC_WARN_64_TO_32_BIT_CONVERSION = YES;
				GCC_WARN_ABOUT_RETURN_TYPE = YES_ERROR;
				GCC_WARN_UNDECLARED_SELECTOR = YES;
				GCC_WARN_UNINITIALIZED_AUTOS = YES_AGGRESSIVE;
				GCC_WARN_UNUSED_FUNCTION = YES;
				GCC_WARN_UNUSED_VARIABLE = YES;
				IPHONEOS_DEPLOYMENT_TARGET = 11.2;
				MTL_ENABLE_DEBUG_INFO = YES;
				ONLY_ACTIVE_ARCH = YES;
				SDKROOT = iphoneos;
				SWIFT_ACTIVE_COMPILATION_CONDITIONS = DEBUG;
				SWIFT_OPTIMIZATION_LEVEL = "-Onone";
			};
			name = Debug;
		};
		87A4CF0F20DC9668009EC67A /* Release */ = {
			isa = XCBuildConfiguration;
			buildSettings = {
				ALWAYS_SEARCH_USER_PATHS = NO;
				CLANG_ANALYZER_NONNULL = YES;
				CLANG_ANALYZER_NUMBER_OBJECT_CONVERSION = YES_AGGRESSIVE;
				CLANG_CXX_LANGUAGE_STANDARD = "gnu++14";
				CLANG_CXX_LIBRARY = "libc++";
				CLANG_ENABLE_MODULES = YES;
				CLANG_ENABLE_OBJC_ARC = YES;
				CLANG_WARN_BLOCK_CAPTURE_AUTORELEASING = YES;
				CLANG_WARN_BOOL_CONVERSION = YES;
				CLANG_WARN_COMMA = YES;
				CLANG_WARN_CONSTANT_CONVERSION = YES;
				CLANG_WARN_DIRECT_OBJC_ISA_USAGE = YES_ERROR;
				CLANG_WARN_DOCUMENTATION_COMMENTS = YES;
				CLANG_WARN_EMPTY_BODY = YES;
				CLANG_WARN_ENUM_CONVERSION = YES;
				CLANG_WARN_INFINITE_RECURSION = YES;
				CLANG_WARN_INT_CONVERSION = YES;
				CLANG_WARN_NON_LITERAL_NULL_CONVERSION = YES;
				CLANG_WARN_OBJC_LITERAL_CONVERSION = YES;
				CLANG_WARN_OBJC_ROOT_CLASS = YES_ERROR;
				CLANG_WARN_RANGE_LOOP_ANALYSIS = YES;
				CLANG_WARN_STRICT_PROTOTYPES = YES;
				CLANG_WARN_SUSPICIOUS_MOVE = YES;
				CLANG_WARN_UNGUARDED_AVAILABILITY = YES_AGGRESSIVE;
				CLANG_WARN_UNREACHABLE_CODE = YES;
				CLANG_WARN__DUPLICATE_METHOD_MATCH = YES;
				CODE_SIGN_IDENTITY = "iPhone Developer";
				COPY_PHASE_STRIP = NO;
				DEBUG_INFORMATION_FORMAT = "dwarf-with-dsym";
				ENABLE_NS_ASSERTIONS = NO;
				ENABLE_STRICT_OBJC_MSGSEND = YES;
				GCC_C_LANGUAGE_STANDARD = gnu11;
				GCC_NO_COMMON_BLOCKS = YES;
				GCC_WARN_64_TO_32_BIT_CONVERSION = YES;
				GCC_WARN_ABOUT_RETURN_TYPE = YES_ERROR;
				GCC_WARN_UNDECLARED_SELECTOR = YES;
				GCC_WARN_UNINITIALIZED_AUTOS = YES_AGGRESSIVE;
				GCC_WARN_UNUSED_FUNCTION = YES;
				GCC_WARN_UNUSED_VARIABLE = YES;
				IPHONEOS_DEPLOYMENT_TARGET = 11.2;
				MTL_ENABLE_DEBUG_INFO = NO;
				SDKROOT = iphoneos;
				SWIFT_OPTIMIZATION_LEVEL = "-Owholemodule";
				VALIDATE_PRODUCT = YES;
			};
			name = Release;
		};
		87A4CF1120DC9668009EC67A /* Debug */ = {
			isa = XCBuildConfiguration;
			buildSettings = {
				ASSETCATALOG_COMPILER_APPICON_NAME = AppIcon;
				CODE_SIGN_STYLE = Automatic;
				INFOPLIST_FILE = "TableView-Test2/Info.plist";
				LD_RUNPATH_SEARCH_PATHS = "$(inherited) @executable_path/Frameworks";
				PRODUCT_BUNDLE_IDENTIFIER = "TrungCatun.TableView-Test2";
				PRODUCT_NAME = "$(TARGET_NAME)";
				SWIFT_VERSION = 4.0;
				TARGETED_DEVICE_FAMILY = "1,2";
			};
			name = Debug;
		};
		87A4CF1220DC9668009EC67A /* Release */ = {
			isa = XCBuildConfiguration;
			buildSettings = {
				ASSETCATALOG_COMPILER_APPICON_NAME = AppIcon;
				CODE_SIGN_STYLE = Automatic;
				INFOPLIST_FILE = "TableView-Test2/Info.plist";
				LD_RUNPATH_SEARCH_PATHS = "$(inherited) @executable_path/Frameworks";
				PRODUCT_BUNDLE_IDENTIFIER = "TrungCatun.TableView-Test2";
				PRODUCT_NAME = "$(TARGET_NAME)";
				SWIFT_VERSION = 4.0;
				TARGETED_DEVICE_FAMILY = "1,2";
			};
			name = Release;
		};
/* End XCBuildConfiguration section */

/* Begin XCConfigurationList section */
		87A4CEF920DC9668009EC67A /* Build configuration list for PBXProject "TableView-Test2" */ = {
			isa = XCConfigurationList;
			buildConfigurations = (
				87A4CF0E20DC9668009EC67A /* Debug */,
				87A4CF0F20DC9668009EC67A /* Release */,
			);
			defaultConfigurationIsVisible = 0;
			defaultConfigurationName = Release;
		};
		87A4CF1020DC9668009EC67A /* Build configuration list for PBXNativeTarget "TableView-Test2" */ = {
			isa = XCConfigurationList;
			buildConfigurations = (
				87A4CF1120DC9668009EC67A /* Debug */,
				87A4CF1220DC9668009EC67A /* Release */,
			);
			defaultConfigurationIsVisible = 0;
			defaultConfigurationName = Release;
		};
/* End XCConfigurationList section */
	};
	rootObject = 87A4CEF620DC9668009EC67A /* Project object */;
}
